{
  "name": "cadence",
  "lockfileVersion": 3,
  "requires": true,
  "packages": {
    "": {
      "dependencies": {
        "ioredis": "^5.10.1"
      }
    },
    "node_modules/@ioredis/commands": {
      "version": "1.5.1",
      "license": "MIT"
    },
    "node_modules/cluster-key-slot": {
      "version": "1.1.2",
      "license": "Apache-2.0",
      "engines": {
        "node": ">=0.10.0"
      }
    },
    "node_modules/debug": {
      "version": "4.4.3",
      "license": "MIT",
      "dependencies": {
        "ms": "^2.1.3"
      },
      "engines": {
        "node": ">=6.0"
      },
      "peerDependenciesMeta": {
        "supports-color": {
          "optional": true
        }
      }
    },
    "node_modules/denque": {
      "version": "2.1.0",
      "license": "Apache-2.0",
      "engines": {
        "node": ">=0.10"
      }
    },
    "node_modules/ioredis": {
      "version": "5.10.1",
      "license": "MIT",
      "dependencies": {
        "@ioredis/commands": "1.5.1",
        "cluster-key-slot": "^1.1.0",
        "debug": "^4.3.4",
        "denque": "^2.1.0",
        "lodash.defaults": "^4.2.0",
        "lodash.isarguments": "^3.1.0",
        "redis-errors": "^1.2.0",
        "redis-parser": "^3.0.0",
        "standard-as-callback": "^2.1.0"
      },
      "engines": {
        "node": ">=12.22.0"
      },
      "funding": {
        "type": "opencollective",
        "url": "https://opencollective.com/ioredis"
      }
    },
    "node_modules/lodash.defaults": {
      "version": "4.2.0",
      "license": "MIT"
    },
    "node_modules/lodash.isarguments": {
      "version": "3.1.0",
      "license": "MIT"
    },
    "node_modules/ms": {
      "version": "2.1.3",
      "license": "MIT"
    },
    "node_modules/redis-errors": {
      "version": "1.2.0",
      "license": "MIT",
      "engines": {
        "node": ">=4"
      }
    },
    "node_modules/redis-parser": {
      "version": "3.0.0",
      "license": "MIT",
      "dependencies": {
        "redis-errors": "^1.0.0"
      },
      "engines": {
        "node": ">=4"
      }
    },
    "node_modules/standard-as-callback": {
      "version": "2.1.0",
      "license": "MIT"
    }
  }
}
